// !$*UTF8*$!
{
	archiveVersion = 1;
	classes = {
	};
	objectVersion = 47;
	objects = {

/* Begin PBXBuildFile section */
		BBBBD01BD007D2DB09825F36 /* libPods-NearbyTests.a in Frameworks */ = {isa = PBXBuildFile; fileRef = 35BF1061F699139964ED7178 /* libPods-NearbyTests.a */; };
		D1DF12CEE7B6B820CFBE9DA9 /* libPods.a in Frameworks */ = {isa = PBXBuildFile; fileRef = E3F39D40B058C2564C089391 /* libPods.a */; };
		D97DBC9F1B9B91320092B1C7 /* NBRoutePlanOperation.m in Sources */ = {isa = PBXBuildFile; fileRef = D97DBC9E1B9B91320092B1C7 /* NBRoutePlanOperation.m */; };
		D97DBCA31B9C78740092B1C7 /* NBMapViewController.m in Sources */ = {isa = PBXBuildFile; fileRef = D97DBCA21B9C78740092B1C7 /* NBMapViewController.m */; };
		D97DBCA61B9C9C3D0092B1C7 /* NBRouteListViewController.m in Sources */ = {isa = PBXBuildFile; fileRef = D97DBCA51B9C9C3D0092B1C7 /* NBRouteListViewController.m */; };
		D97DBCA91B9CAA5E0092B1C7 /* NBLocationInfoViewCell.m in Sources */ = {isa = PBXBuildFile; fileRef = D97DBCA81B9CAA5E0092B1C7 /* NBLocationInfoViewCell.m */; };
		D9C7246F1B93A79E00B64171 /* main.m in Sources */ = {isa = PBXBuildFile; fileRef = D9C7246E1B93A79E00B64171 /* main.m */; };
		D9C724721B93A79E00B64171 /* AppDelegate.m in Sources */ = {isa = PBXBuildFile; fileRef = D9C724711B93A79E00B64171 /* AppDelegate.m */; };
		D9C724781B93A79E00B64171 /* Main.storyboard in Resources */ = {isa = PBXBuildFile; fileRef = D9C724761B93A79E00B64171 /* Main.storyboard */; };
		D9C7247A1B93A79E00B64171 /* Images.xcassets in Resources */ = {isa = PBXBuildFile; fileRef = D9C724791B93A79E00B64171 /* Images.xcassets */; };
		D9C7247D1B93A79E00B64171 /* LaunchScreen.xib in Resources */ = {isa = PBXBuildFile; fileRef = D9C7247B1B93A79E00B64171 /* LaunchScreen.xib */; };
		D9C724891B93A79E00B64171 /* NearbyTests.m in Sources */ = {isa = PBXBuildFile; fileRef = D9C724881B93A79E00B64171 /* NearbyTests.m */; };
		D9C724951B93A83F00B64171 /* NBLocation.m in Sources */ = {isa = PBXBuildFile; fileRef = D9C724941B93A83F00B64171 /* NBLocation.m */; };
		D9C724991B93A8C100B64171 /* NBLocationsFetcher.m in Sources */ = {isa = PBXBuildFile; fileRef = D9C724981B93A8C100B64171 /* NBLocationsFetcher.m */; };
		D9C7249D1B93FB3A00B64171 /* NBDeviceLocationManager.m in Sources */ = {isa = PBXBuildFile; fileRef = D9C7249C1B93FB3A00B64171 /* NBDeviceLocationManager.m */; };
		D9C724A11B9404D100B64171 /* NBLocation+coordinate.m in Sources */ = {isa = PBXBuildFile; fileRef = D9C724A01B9404D100B64171 /* NBLocation+coordinate.m */; };
		D9C724A41B94076D00B64171 /* NBNetworkManager.m in Sources */ = {isa = PBXBuildFile; fileRef = D9C724A31B94076D00B64171 /* NBNetworkManager.m */; };
		D9C724A71B948F3700B64171 /* NSError+NB.m in Sources */ = {isa = PBXBuildFile; fileRef = D9C724A61B948F3700B64171 /* NSError+NB.m */; };
		D9C724AC1B94F95A00B64171 /* NBAnalytics.m in Sources */ = {isa = PBXBuildFile; fileRef = D9C724AB1B94F95A00B64171 /* NBAnalytics.m */; };
		D9C724AF1B95038600B64171 /* NBRoutePlanner.m in Sources */ = {isa = PBXBuildFile; fileRef = D9C724AE1B95038600B64171 /* NBRoutePlanner.m */; };
		D9C724BB1B9A801300B64171 /* NSObject+isEqual.m in Sources */ = {isa = PBXBuildFile; fileRef = D9C724BA1B9A801300B64171 /* NSObject+isEqual.m */; };
		D9C724BE1B9A8A1700B64171 /* NBLocationResponseSerializer.m in Sources */ = {isa = PBXBuildFile; fileRef = D9C724BD1B9A8A1700B64171 /* NBLocationResponseSerializer.m */; };
		D9C724C11B9AA10B00B64171 /* NBOperation.m in Sources */ = {isa = PBXBuildFile; fileRef = D9C724C01B9AA10B00B64171 /* NBOperation.m */; };
		D9C724C41B9AA2AB00B64171 /* NBLocationFetchOperation.m in Sources */ = {isa = PBXBuildFile; fileRef = D9C724C31B9AA2AB00B64171 /* NBLocationFetchOperation.m */; };
/* End PBXBuildFile section */

/* Begin PBXContainerItemProxy section */
		D9C724831B93A79E00B64171 /* PBXContainerItemProxy */ = {
			isa = PBXContainerItemProxy;
			containerPortal = D9C724611B93A79E00B64171 /* Project object */;
			proxyType = 1;
			remoteGlobalIDString = D9C724681B93A79E00B64171;
			remoteInfo = Nearby;
		};
/* End PBXContainerItemProxy section */

/* Begin PBXFileReference section */
		35BF1061F699139964ED7178 /* libPods-NearbyTests.a */ = {isa = PBXFileReference; explicitFileType = archive.ar; includeInIndex = 0; path = "libPods-NearbyTests.a"; sourceTree = BUILT_PRODUCTS_DIR; };
		407FAEF48B9A1C86040EEDAA /* Pods-NearbyTests.debug.xcconfig */ = {isa = PBXFileReference; includeInIndex = 1; lastKnownFileType = text.xcconfig; name = "Pods-NearbyTests.debug.xcconfig"; path = "Pods/Target Support Files/Pods-NearbyTests/Pods-NearbyTests.debug.xcconfig"; sourceTree = "<group>"; };
		550E15575B5A7D53F1CD763D /* Pods.debug.xcconfig */ = {isa = PBXFileReference; includeInIndex = 1; lastKnownFileType = text.xcconfig; name = Pods.debug.xcconfig; path = "Pods/Target Support Files/Pods/Pods.debug.xcconfig"; sourceTree = "<group>"; };
		756964062136935DE2590CE5 /* Pods-NearbyTests.release.xcconfig */ = {isa = PBXFileReference; includeInIndex = 1; lastKnownFileType = text.xcconfig; name = "Pods-NearbyTests.release.xcconfig"; path = "Pods/Target Support Files/Pods-NearbyTests/Pods-NearbyTests.release.xcconfig"; sourceTree = "<group>"; };
		98A2C773574D3932108A0378 /* Pods.release.xcconfig */ = {isa = PBXFileReference; includeInIndex = 1; lastKnownFileType = text.xcconfig; name = Pods.release.xcconfig; path = "Pods/Target Support Files/Pods/Pods.release.xcconfig"; sourceTree = "<group>"; };
		D97DBC9D1B9B91320092B1C7 /* NBRoutePlanOperation.h */ = {isa = PBXFileReference; fileEncoding = 4; lastKnownFileType = sourcecode.c.h; name = NBRoutePlanOperation.h; path = Other/NBRoutePlanOperation.h; sourceTree = "<group>"; };
		D97DBC9E1B9B91320092B1C7 /* NBRoutePlanOperation.m */ = {isa = PBXFileReference; fileEncoding = 4; lastKnownFileType = sourcecode.c.objc; name = NBRoutePlanOperation.m; path = Other/NBRoutePlanOperation.m; sourceTree = "<group>"; };
		D97DBCA11B9C78740092B1C7 /* NBMapViewController.h */ = {isa = PBXFileReference; fileEncoding = 4; lastKnownFileType = sourcecode.c.h; name = NBMapViewController.h; path = Controllers/NBMapViewController.h; sourceTree = "<group>"; };
		D97DBCA21B9C78740092B1C7 /* NBMapViewController.m */ = {isa = PBXFileReference; fileEncoding = 4; lastKnownFileType = sourcecode.c.objc; name = NBMapViewController.m; path = Controllers/NBMapViewController.m; sourceTree = "<group>"; };
		D97DBCA41B9C9C3D0092B1C7 /* NBRouteListViewController.h */ = {isa = PBXFileReference; fileEncoding = 4; lastKnownFileType = sourcecode.c.h; name = NBRouteListViewController.h; path = Controllers/NBRouteListViewController.h; sourceTree = "<group>"; };
		D97DBCA51B9C9C3D0092B1C7 /* NBRouteListViewController.m */ = {isa = PBXFileReference; fileEncoding = 4; lastKnownFileType = sourcecode.c.objc; name = NBRouteListViewController.m; path = Controllers/NBRouteListViewController.m; sourceTree = "<group>"; };
		D97DBCA71B9CAA5E0092B1C7 /* NBLocationInfoViewCell.h */ = {isa = PBXFileReference; fileEncoding = 4; lastKnownFileType = sourcecode.c.h; name = NBLocationInfoViewCell.h; path = View/NBLocationInfoViewCell.h; sourceTree = "<group>"; };
		D97DBCA81B9CAA5E0092B1C7 /* NBLocationInfoViewCell.m */ = {isa = PBXFileReference; fileEncoding = 4; lastKnownFileType = sourcecode.c.objc; name = NBLocationInfoViewCell.m; path = View/NBLocationInfoViewCell.m; sourceTree = "<group>"; };
		D9C724691B93A79E00B64171 /* Nearby.app */ = {isa = PBXFileReference; explicitFileType = wrapper.application; includeInIndex = 0; path = Nearby.app; sourceTree = BUILT_PRODUCTS_DIR; };
		D9C7246D1B93A79E00B64171 /* Info.plist */ = {isa = PBXFileReference; lastKnownFileType = text.plist.xml; path = Info.plist; sourceTree = "<group>"; };
		D9C7246E1B93A79E00B64171 /* main.m */ = {isa = PBXFileReference; lastKnownFileType = sourcecode.c.objc; path = main.m; sourceTree = "<group>"; };
		D9C724701B93A79E00B64171 /* AppDelegate.h */ = {isa = PBXFileReference; lastKnownFileType = sourcecode.c.h; path = AppDelegate.h; sourceTree = "<group>"; };
		D9C724711B93A79E00B64171 /* AppDelegate.m */ = {isa = PBXFileReference; lastKnownFileType = sourcecode.c.objc; path = AppDelegate.m; sourceTree = "<group>"; };
		D9C724771B93A79E00B64171 /* Base */ = {isa = PBXFileReference; lastKnownFileType = file.storyboard; name = Base; path = Base.lproj/Main.storyboard; sourceTree = "<group>"; };
		D9C724791B93A79E00B64171 /* Images.xcassets */ = {isa = PBXFileReference; lastKnownFileType = folder.assetcatalog; path = Images.xcassets; sourceTree = "<group>"; };
		D9C7247C1B93A79E00B64171 /* Base */ = {isa = PBXFileReference; lastKnownFileType = file.xib; name = Base; path = Base.lproj/LaunchScreen.xib; sourceTree = "<group>"; };
		D9C724821B93A79E00B64171 /* NearbyTests.xctest */ = {isa = PBXFileReference; explicitFileType = wrapper.cfbundle; includeInIndex = 0; path = NearbyTests.xctest; sourceTree = BUILT_PRODUCTS_DIR; };
		D9C724871B93A79E00B64171 /* Info.plist */ = {isa = PBXFileReference; lastKnownFileType = text.plist.xml; path = Info.plist; sourceTree = "<group>"; };
		D9C724881B93A79E00B64171 /* NearbyTests.m */ = {isa = PBXFileReference; lastKnownFileType = sourcecode.c.objc; path = NearbyTests.m; sourceTree = "<group>"; };
		D9C724931B93A83F00B64171 /* NBLocation.h */ = {isa = PBXFileReference; fileEncoding = 4; lastKnownFileType = sourcecode.c.h; name = NBLocation.h; path = Model/NBLocation.h; sourceTree = "<group>"; };
		D9C724941B93A83F00B64171 /* NBLocation.m */ = {isa = PBXFileReference; fileEncoding = 4; lastKnownFileType = sourcecode.c.objc; name = NBLocation.m; path = Model/NBLocation.m; sourceTree = "<group>"; };
		D9C724971B93A8C100B64171 /* NBLocationsFetcher.h */ = {isa = PBXFileReference; fileEncoding = 4; lastKnownFileType = sourcecode.c.h; name = NBLocationsFetcher.h; path = Network/NBLocationsFetcher.h; sourceTree = "<group>"; };
		D9C724981B93A8C100B64171 /* NBLocationsFetcher.m */ = {isa = PBXFileReference; fileEncoding = 4; lastKnownFileType = sourcecode.c.objc; name = NBLocationsFetcher.m; path = Network/NBLocationsFetcher.m; sourceTree = "<group>"; };
		D9C7249B1B93FB3A00B64171 /* NBDeviceLocationManager.h */ = {isa = PBXFileReference; fileEncoding = 4; lastKnownFileType = sourcecode.c.h; name = NBDeviceLocationManager.h; path = Other/NBDeviceLocationManager.h; sourceTree = "<group>"; };
		D9C7249C1B93FB3A00B64171 /* NBDeviceLocationManager.m */ = {isa = PBXFileReference; fileEncoding = 4; lastKnownFileType = sourcecode.c.objc; name = NBDeviceLocationManager.m; path = Other/NBDeviceLocationManager.m; sourceTree = "<group>"; };
		D9C7249F1B9404D100B64171 /* NBLocation+coordinate.h */ = {isa = PBXFileReference; fileEncoding = 4; lastKnownFileType = sourcecode.c.h; name = "NBLocation+coordinate.h"; path = "Model/NBLocation+coordinate.h"; sourceTree = "<group>"; };
		D9C724A01B9404D100B64171 /* NBLocation+coordinate.m */ = {isa = PBXFileReference; fileEncoding = 4; lastKnownFileType = sourcecode.c.objc; name = "NBLocation+coordinate.m"; path = "Model/NBLocation+coordinate.m"; sourceTree = "<group>"; };
		D9C724A21B94076D00B64171 /* NBNetworkManager.h */ = {isa = PBXFileReference; fileEncoding = 4; lastKnownFileType = sourcecode.c.h; name = NBNetworkManager.h; path = Network/NBNetworkManager.h; sourceTree = "<group>"; };
		D9C724A31B94076D00B64171 /* NBNetworkManager.m */ = {isa = PBXFileReference; fileEncoding = 4; lastKnownFileType = sourcecode.c.objc; name = NBNetworkManager.m; path = Network/NBNetworkManager.m; sourceTree = "<group>"; };
		D9C724A51B948F3700B64171 /* NSError+NB.h */ = {isa = PBXFileReference; fileEncoding = 4; lastKnownFileType = sourcecode.c.h; name = "NSError+NB.h"; path = "Category/NSError+NB.h"; sourceTree = "<group>"; };
		D9C724A61B948F3700B64171 /* NSError+NB.m */ = {isa = PBXFileReference; fileEncoding = 4; lastKnownFileType = sourcecode.c.objc; name = "NSError+NB.m"; path = "Category/NSError+NB.m"; sourceTree = "<group>"; };
		D9C724A91B9490FD00B64171 /* PrefixHeader.pch */ = {isa = PBXFileReference; lastKnownFileType = sourcecode.c.h; path = PrefixHeader.pch; sourceTree = "<group>"; };
		D9C724AA1B94F95A00B64171 /* NBAnalytics.h */ = {isa = PBXFileReference; fileEncoding = 4; lastKnownFileType = sourcecode.c.h; name = NBAnalytics.h; path = Other/NBAnalytics.h; sourceTree = "<group>"; };
		D9C724AB1B94F95A00B64171 /* NBAnalytics.m */ = {isa = PBXFileReference; fileEncoding = 4; lastKnownFileType = sourcecode.c.objc; name = NBAnalytics.m; path = Other/NBAnalytics.m; sourceTree = "<group>"; };
		D9C724AD1B95038600B64171 /* NBRoutePlanner.h */ = {isa = PBXFileReference; fileEncoding = 4; lastKnownFileType = sourcecode.c.h; name = NBRoutePlanner.h; path = Other/NBRoutePlanner.h; sourceTree = "<group>"; };
		D9C724AE1B95038600B64171 /* NBRoutePlanner.m */ = {isa = PBXFileReference; fileEncoding = 4; lastKnownFileType = sourcecode.c.objc; name = NBRoutePlanner.m; path = Other/NBRoutePlanner.m; sourceTree = "<group>"; };
		D9C724B91B9A801300B64171 /* NSObject+isEqual.h */ = {isa = PBXFileReference; fileEncoding = 4; lastKnownFileType = sourcecode.c.h; name = "NSObject+isEqual.h"; path = "Category/NSObject+isEqual.h"; sourceTree = "<group>"; };
		D9C724BA1B9A801300B64171 /* NSObject+isEqual.m */ = {isa = PBXFileReference; fileEncoding = 4; lastKnownFileType = sourcecode.c.objc; name = "NSObject+isEqual.m"; path = "Category/NSObject+isEqual.m"; sourceTree = "<group>"; };
		D9C724BC1B9A8A1700B64171 /* NBLocationResponseSerializer.h */ = {isa = PBXFileReference; fileEncoding = 4; lastKnownFileType = sourcecode.c.h; name = NBLocationResponseSerializer.h; path = Network/NBLocationResponseSerializer.h; sourceTree = "<group>"; };
		D9C724BD1B9A8A1700B64171 /* NBLocationResponseSerializer.m */ = {isa = PBXFileReference; fileEncoding = 4; lastKnownFileType = sourcecode.c.objc; name = NBLocationResponseSerializer.m; path = Network/NBLocationResponseSerializer.m; sourceTree = "<group>"; };
		D9C724BF1B9AA10B00B64171 /* NBOperation.h */ = {isa = PBXFileReference; fileEncoding = 4; lastKnownFileType = sourcecode.c.h; name = NBOperation.h; path = Other/NBOperation.h; sourceTree = "<group>"; };
		D9C724C01B9AA10B00B64171 /* NBOperation.m */ = {isa = PBXFileReference; fileEncoding = 4; lastKnownFileType = sourcecode.c.objc; name = NBOperation.m; path = Other/NBOperation.m; sourceTree = "<group>"; };
		D9C724C21B9AA2AB00B64171 /* NBLocationFetchOperation.h */ = {isa = PBXFileReference; fileEncoding = 4; lastKnownFileType = sourcecode.c.h; name = NBLocationFetchOperation.h; path = Network/NBLocationFetchOperation.h; sourceTree = "<group>"; };
		D9C724C31B9AA2AB00B64171 /* NBLocationFetchOperation.m */ = {isa = PBXFileReference; fileEncoding = 4; lastKnownFileType = sourcecode.c.objc; name = NBLocationFetchOperation.m; path = Network/NBLocationFetchOperation.m; sourceTree = "<group>"; };
		E3F39D40B058C2564C089391 /* libPods.a */ = {isa = PBXFileReference; explicitFileType = archive.ar; includeInIndex = 0; path = libPods.a; sourceTree = BUILT_PRODUCTS_DIR; };
/* End PBXFileReference section */

/* Begin PBXFrameworksBuildPhase section */
		D9C724661B93A79E00B64171 /* Frameworks */ = {
			isa = PBXFrameworksBuildPhase;
			buildActionMask = 2147483647;
			files = (
				D1DF12CEE7B6B820CFBE9DA9 /* libPods.a in Frameworks */,
			);
			runOnlyForDeploymentPostprocessing = 0;
		};
		D9C7247F1B93A79E00B64171 /* Frameworks */ = {
			isa = PBXFrameworksBuildPhase;
			buildActionMask = 2147483647;
			files = (
				BBBBD01BD007D2DB09825F36 /* libPods-NearbyTests.a in Frameworks */,
			);
			runOnlyForDeploymentPostprocessing = 0;
		};
/* End PBXFrameworksBuildPhase section */

/* Begin PBXGroup section */
		2B0261EF0AC4BEE1620BB051 /* Frameworks */ = {
			isa = PBXGroup;
			children = (
				E3F39D40B058C2564C089391 /* libPods.a */,
				35BF1061F699139964ED7178 /* libPods-NearbyTests.a */,
			);
			name = Frameworks;
			sourceTree = "<group>";
		};
		2CC031C93CC0092F1533D0C1 /* Pods */ = {
			isa = PBXGroup;
			children = (
				550E15575B5A7D53F1CD763D /* Pods.debug.xcconfig */,
				98A2C773574D3932108A0378 /* Pods.release.xcconfig */,
				407FAEF48B9A1C86040EEDAA /* Pods-NearbyTests.debug.xcconfig */,
				756964062136935DE2590CE5 /* Pods-NearbyTests.release.xcconfig */,
			);
			name = Pods;
			sourceTree = "<group>";
		};
		D97DBC981B9B8BE00092B1C7 /* Operation */ = {
			isa = PBXGroup;
			children = (
				D9C724BF1B9AA10B00B64171 /* NBOperation.h */,
				D9C724C01B9AA10B00B64171 /* NBOperation.m */,
			);
			name = Operation;
			sourceTree = "<group>";
		};
		D97DBC991B9B8BEC0092B1C7 /* Analytics */ = {
			isa = PBXGroup;
			children = (
				D9C724AA1B94F95A00B64171 /* NBAnalytics.h */,
				D9C724AB1B94F95A00B64171 /* NBAnalytics.m */,
			);
			name = Analytics;
			sourceTree = "<group>";
		};
		D97DBC9A1B9B8C300092B1C7 /* DeviceLocation */ = {
			isa = PBXGroup;
			children = (
				D9C7249B1B93FB3A00B64171 /* NBDeviceLocationManager.h */,
				D9C7249C1B93FB3A00B64171 /* NBDeviceLocationManager.m */,
			);
			name = DeviceLocation;
			sourceTree = "<group>";
		};
		D97DBC9B1B9B8C480092B1C7 /* RoutePlanner */ = {
			isa = PBXGroup;
			children = (
				D9C724AD1B95038600B64171 /* NBRoutePlanner.h */,
				D9C724AE1B95038600B64171 /* NBRoutePlanner.m */,
				D97DBC9D1B9B91320092B1C7 /* NBRoutePlanOperation.h */,
				D97DBC9E1B9B91320092B1C7 /* NBRoutePlanOperation.m */,
			);
			name = RoutePlanner;
			sourceTree = "<group>";
		};
		D97DBC9C1B9B8CE20092B1C7 /* Services and infrastructure */ = {
			isa = PBXGroup;
			children = (
				D97DBC991B9B8BEC0092B1C7 /* Analytics */,
				D97DBC9A1B9B8C300092B1C7 /* DeviceLocation */,
				D97DBC981B9B8BE00092B1C7 /* Operation */,
				D97DBC9B1B9B8C480092B1C7 /* RoutePlanner */,
			);
			name = "Services and infrastructure";
			sourceTree = "<group>";
		};
		D97DBCA01B9C772B0092B1C7 /* Screens */ = {
			isa = PBXGroup;
			children = (
				D97DBCA11B9C78740092B1C7 /* NBMapViewController.h */,
				D97DBCA21B9C78740092B1C7 /* NBMapViewController.m */,
				D97DBCA41B9C9C3D0092B1C7 /* NBRouteListViewController.h */,
				D97DBCA51B9C9C3D0092B1C7 /* NBRouteListViewController.m */,
				D97DBCA71B9CAA5E0092B1C7 /* NBLocationInfoViewCell.h */,
				D97DBCA81B9CAA5E0092B1C7 /* NBLocationInfoViewCell.m */,
			);
			name = Screens;
			sourceTree = "<group>";
		};
		D9C724601B93A79E00B64171 = {
			isa = PBXGroup;
			children = (
				D9C7246B1B93A79E00B64171 /* Nearby */,
				D9C724851B93A79E00B64171 /* NearbyTests */,
				D9C7246A1B93A79E00B64171 /* Products */,
				2CC031C93CC0092F1533D0C1 /* Pods */,
				2B0261EF0AC4BEE1620BB051 /* Frameworks */,
			);
			sourceTree = "<group>";
		};
		D9C7246A1B93A79E00B64171 /* Products */ = {
			isa = PBXGroup;
			children = (
				D9C724691B93A79E00B64171 /* Nearby.app */,
				D9C724821B93A79E00B64171 /* NearbyTests.xctest */,
			);
			name = Products;
			sourceTree = "<group>";
		};
		D9C7246B1B93A79E00B64171 /* Nearby */ = {
			isa = PBXGroup;
			children = (
				D9C724921B93A82400B64171 /* App */,
				D97DBCA01B9C772B0092B1C7 /* Screens */,
				D9C724A81B948F3E00B64171 /* Category */,
				D9C724961B93A84500B64171 /* Model */,
				D9C7249A1B93A8DD00B64171 /* Network */,
				D97DBC9C1B9B8CE20092B1C7 /* Services and infrastructure */,
				D9C7246C1B93A79E00B64171 /* Supporting Files */,
				D9C724761B93A79E00B64171 /* Main.storyboard */,
				D9C724791B93A79E00B64171 /* Images.xcassets */,
				D9C7247B1B93A79E00B64171 /* LaunchScreen.xib */,
			);
			path = Nearby;
			sourceTree = "<group>";
		};
		D9C7246C1B93A79E00B64171 /* Supporting Files */ = {
			isa = PBXGroup;
			children = (
				D9C724A91B9490FD00B64171 /* PrefixHeader.pch */,
				D9C7246D1B93A79E00B64171 /* Info.plist */,
				D9C7246E1B93A79E00B64171 /* main.m */,
			);
			name = "Supporting Files";
			sourceTree = "<group>";
		};
		D9C724851B93A79E00B64171 /* NearbyTests */ = {
			isa = PBXGroup;
			children = (
				D9C724881B93A79E00B64171 /* NearbyTests.m */,
				D9C724861B93A79E00B64171 /* Supporting Files */,
			);
			path = NearbyTests;
			sourceTree = "<group>";
		};
		D9C724861B93A79E00B64171 /* Supporting Files */ = {
			isa = PBXGroup;
			children = (
				D9C724871B93A79E00B64171 /* Info.plist */,
			);
			name = "Supporting Files";
			sourceTree = "<group>";
		};
		D9C724921B93A82400B64171 /* App */ = {
			isa = PBXGroup;
			children = (
				D9C724701B93A79E00B64171 /* AppDelegate.h */,
				D9C724711B93A79E00B64171 /* AppDelegate.m */,
			);
			name = App;
			sourceTree = "<group>";
		};
		D9C724961B93A84500B64171 /* Model */ = {
			isa = PBXGroup;
			children = (
				D9C724931B93A83F00B64171 /* NBLocation.h */,
				D9C724941B93A83F00B64171 /* NBLocation.m */,
				D9C7249F1B9404D100B64171 /* NBLocation+coordinate.h */,
				D9C724A01B9404D100B64171 /* NBLocation+coordinate.m */,
			);
			name = Model;
			sourceTree = "<group>";
		};
		D9C7249A1B93A8DD00B64171 /* Network */ = {
			isa = PBXGroup;
			children = (
				D9C724971B93A8C100B64171 /* NBLocationsFetcher.h */,
				D9C724981B93A8C100B64171 /* NBLocationsFetcher.m */,
				D9C724C21B9AA2AB00B64171 /* NBLocationFetchOperation.h */,
				D9C724C31B9AA2AB00B64171 /* NBLocationFetchOperation.m */,
				D9C724A21B94076D00B64171 /* NBNetworkManager.h */,
				D9C724A31B94076D00B64171 /* NBNetworkManager.m */,
				D9C724BC1B9A8A1700B64171 /* NBLocationResponseSerializer.h */,
				D9C724BD1B9A8A1700B64171 /* NBLocationResponseSerializer.m */,
			);
			name = Network;
			sourceTree = "<group>";
		};
		D9C724A81B948F3E00B64171 /* Category */ = {
			isa = PBXGroup;
			children = (
				D9C724A51B948F3700B64171 /* NSError+NB.h */,
				D9C724A61B948F3700B64171 /* NSError+NB.m */,
				D9C724B91B9A801300B64171 /* NSObject+isEqual.h */,
				D9C724BA1B9A801300B64171 /* NSObject+isEqual.m */,
			);
			name = Category;
			sourceTree = "<group>";
		};
/* End PBXGroup section */

/* Begin PBXNativeTarget section */
		D9C724681B93A79E00B64171 /* Nearby */ = {
			isa = PBXNativeTarget;
			buildConfigurationList = D9C7248C1B93A79E00B64171 /* Build configuration list for PBXNativeTarget "Nearby" */;
			buildPhases = (
				9D7922013682CE161B3BFA17 /* Check Pods Manifest.lock */,
				D9C724651B93A79E00B64171 /* Sources */,
				D9C724661B93A79E00B64171 /* Frameworks */,
				D9C724671B93A79E00B64171 /* Resources */,
				45779D9C47D65C136CAC6E32 /* Copy Pods Resources */,
			);
			buildRules = (
			);
			dependencies = (
			);
			name = Nearby;
			productName = Nearby;
			productReference = D9C724691B93A79E00B64171 /* Nearby.app */;
			productType = "com.apple.product-type.application";
		};
		D9C724811B93A79E00B64171 /* NearbyTests */ = {
			isa = PBXNativeTarget;
			buildConfigurationList = D9C7248F1B93A79E00B64171 /* Build configuration list for PBXNativeTarget "NearbyTests" */;
			buildPhases = (
				31E5ED703FC0B983F72A1966 /* Check Pods Manifest.lock */,
				D9C7247E1B93A79E00B64171 /* Sources */,
				D9C7247F1B93A79E00B64171 /* Frameworks */,
				D9C724801B93A79E00B64171 /* Resources */,
				4D96D11DE3C8A7D0CF9D9103 /* Copy Pods Resources */,
			);
			buildRules = (
			);
			dependencies = (
				D9C724841B93A79E00B64171 /* PBXTargetDependency */,
			);
			name = NearbyTests;
			productName = NearbyTests;
			productReference = D9C724821B93A79E00B64171 /* NearbyTests.xctest */;
			productType = "com.apple.product-type.bundle.unit-test";
		};
/* End PBXNativeTarget section */

/* Begin PBXProject section */
		D9C724611B93A79E00B64171 /* Project object */ = {
			isa = PBXProject;
			attributes = {
				CLASSPREFIX = NB;
				LastUpgradeCheck = 0640;
				ORGANIZATIONNAME = "Diogo Tridapalli";
				TargetAttributes = {
					D9C724681B93A79E00B64171 = {
						CreatedOnToolsVersion = 6.4;
					};
					D9C724811B93A79E00B64171 = {
						CreatedOnToolsVersion = 6.4;
						TestTargetID = D9C724681B93A79E00B64171;
					};
				};
			};
			buildConfigurationList = D9C724641B93A79E00B64171 /* Build configuration list for PBXProject "Nearby" */;
			compatibilityVersion = "Xcode 6.3";
			developmentRegion = English;
			hasScannedForEncodings = 0;
			knownRegions = (
				en,
				Base,
			);
			mainGroup = D9C724601B93A79E00B64171;
			productRefGroup = D9C7246A1B93A79E00B64171 /* Products */;
			projectDirPath = "";
			projectRoot = "";
			targets = (
				D9C724681B93A79E00B64171 /* Nearby */,
				D9C724811B93A79E00B64171 /* NearbyTests */,
			);
		};
/* End PBXProject section */

/* Begin PBXResourcesBuildPhase section */
		D9C724671B93A79E00B64171 /* Resources */ = {
			isa = PBXResourcesBuildPhase;
			buildActionMask = 2147483647;
			files = (
				D9C724781B93A79E00B64171 /* Main.storyboard in Resources */,
				D9C7247D1B93A79E00B64171 /* LaunchScreen.xib in Resources */,
				D9C7247A1B93A79E00B64171 /* Images.xcassets in Resources */,
			);
			runOnlyForDeploymentPostprocessing = 0;
		};
		D9C724801B93A79E00B64171 /* Resources */ = {
			isa = PBXResourcesBuildPhase;
			buildActionMask = 2147483647;
			files = (
			);
			runOnlyForDeploymentPostprocessing = 0;
		};
/* End PBXResourcesBuildPhase section */

/* Begin PBXShellScriptBuildPhase section */
		31E5ED703FC0B983F72A1966 /* Check Pods Manifest.lock */ = {
			isa = PBXShellScriptBuildPhase;
			buildActionMask = 2147483647;
			files = (
			);
			inputPaths = (
			);
			name = "Check Pods Manifest.lock";
			outputPaths = (
			);
			runOnlyForDeploymentPostprocessing = 0;
			shellPath = /bin/sh;
			shellScript = "diff \"${PODS_ROOT}/../Podfile.lock\" \"${PODS_ROOT}/Manifest.lock\" > /dev/null\nif [[ $? != 0 ]] ; then\n    cat << EOM\nerror: The sandbox is not in sync with the Podfile.lock. Run 'pod install' or update your CocoaPods installation.\nEOM\n    exit 1\nfi\n";
			showEnvVarsInLog = 0;
		};
		45779D9C47D65C136CAC6E32 /* Copy Pods Resources */ = {
			isa = PBXShellScriptBuildPhase;
			buildActionMask = 2147483647;
			files = (
			);
			inputPaths = (
			);
			name = "Copy Pods Resources";
			outputPaths = (
			);
			runOnlyForDeploymentPostprocessing = 0;
			shellPath = /bin/sh;
			shellScript = "\"${SRCROOT}/Pods/Target Support Files/Pods/Pods-resources.sh\"\n";
			showEnvVarsInLog = 0;
		};
		4D96D11DE3C8A7D0CF9D9103 /* Copy Pods Resources */ = {
			isa = PBXShellScriptBuildPhase;
			buildActionMask = 2147483647;
			files = (
			);
			inputPaths = (
			);
			name = "Copy Pods Resources";
			outputPaths = (
			);
			runOnlyForDeploymentPostprocessing = 0;
			shellPath = /bin/sh;
			shellScript = "\"${SRCROOT}/Pods/Target Support Files/Pods-NearbyTests/Pods-NearbyTests-resources.sh\"\n";
			showEnvVarsInLog = 0;
		};
		9D7922013682CE161B3BFA17 /* Check Pods Manifest.lock */ = {
			isa = PBXShellScriptBuildPhase;
			buildActionMask = 2147483647;
			files = (
			);
			inputPaths = (
			);
			name = "Check Pods Manifest.lock";
			outputPaths = (
			);
			runOnlyForDeploymentPostprocessing = 0;
			shellPath = /bin/sh;
			shellScript = "diff \"${PODS_ROOT}/../Podfile.lock\" \"${PODS_ROOT}/Manifest.lock\" > /dev/null\nif [[ $? != 0 ]] ; then\n    cat << EOM\nerror: The sandbox is not in sync with the Podfile.lock. Run 'pod install' or update your CocoaPods installation.\nEOM\n    exit 1\nfi\n";
			showEnvVarsInLog = 0;
		};
/* End PBXShellScriptBuildPhase section */

/* Begin PBXSourcesBuildPhase section */
		D9C724651B93A79E00B64171 /* Sources */ = {
			isa = PBXSourcesBuildPhase;
			buildActionMask = 2147483647;
			files = (
				D9C7249D1B93FB3A00B64171 /* NBDeviceLocationManager.m in Sources */,
				D9C724C11B9AA10B00B64171 /* NBOperation.m in Sources */,
				D97DBCA61B9C9C3D0092B1C7 /* NBRouteListViewController.m in Sources */,
				D9C724951B93A83F00B64171 /* NBLocation.m in Sources */,
				D9C724AC1B94F95A00B64171 /* NBAnalytics.m in Sources */,
				D97DBC9F1B9B91320092B1C7 /* NBRoutePlanOperation.m in Sources */,
				D97DBCA31B9C78740092B1C7 /* NBMapViewController.m in Sources */,
				D97DBCA91B9CAA5E0092B1C7 /* NBLocationInfoViewCell.m in Sources */,
				D9C724AF1B95038600B64171 /* NBRoutePlanner.m in Sources */,
				D9C724A41B94076D00B64171 /* NBNetworkManager.m in Sources */,
				D9C724A71B948F3700B64171 /* NSError+NB.m in Sources */,
				D9C724BE1B9A8A1700B64171 /* NBLocationResponseSerializer.m in Sources */,
				D9C724BB1B9A801300B64171 /* NSObject+isEqual.m in Sources */,
				D9C724C41B9AA2AB00B64171 /* NBLocationFetchOperation.m in Sources */,
				D9C724991B93A8C100B64171 /* NBLocationsFetcher.m in Sources */,
				D9C724A11B9404D100B64171 /* NBLocation+coordinate.m in Sources */,
				D9C724721B93A79E00B64171 /* AppDelegate.m in Sources */,
				D9C7246F1B93A79E00B64171 /* main.m in Sources */,
			);
			runOnlyForDeploymentPostprocessing = 0;
		};
		D9C7247E1B93A79E00B64171 /* Sources */ = {
			isa = PBXSourcesBuildPhase;
			buildActionMask = 2147483647;
			files = (
				D9C724891B93A79E00B64171 /* NearbyTests.m in Sources */,
			);
			runOnlyForDeploymentPostprocessing = 0;
		};
/* End PBXSourcesBuildPhase section */

/* Begin PBXTargetDependency section */
		D9C724841B93A79E00B64171 /* PBXTargetDependency */ = {
			isa = PBXTargetDependency;
			target = D9C724681B93A79E00B64171 /* Nearby */;
			targetProxy = D9C724831B93A79E00B64171 /* PBXContainerItemProxy */;
		};
/* End PBXTargetDependency section */

/* Begin PBXVariantGroup section */
		D9C724761B93A79E00B64171 /* Main.storyboard */ = {
			isa = PBXVariantGroup;
			children = (
				D9C724771B93A79E00B64171 /* Base */,
			);
			name = Main.storyboard;
			sourceTree = "<group>";
		};
		D9C7247B1B93A79E00B64171 /* LaunchScreen.xib */ = {
			isa = PBXVariantGroup;
			children = (
				D9C7247C1B93A79E00B64171 /* Base */,
			);
			name = LaunchScreen.xib;
			sourceTree = "<group>";
		};
/* End PBXVariantGroup section */

/* Begin XCBuildConfiguration section */
		D9C7248A1B93A79E00B64171 /* Debug */ = {
			isa = XCBuildConfiguration;
			buildSettings = {
				ALWAYS_SEARCH_USER_PATHS = NO;
				CLANG_CXX_LANGUAGE_STANDARD = "gnu++0x";
				CLANG_CXX_LIBRARY = "libc++";
				CLANG_ENABLE_MODULES = YES;
				CLANG_ENABLE_OBJC_ARC = YES;
				CLANG_WARN_BOOL_CONVERSION = YES;
				CLANG_WARN_CONSTANT_CONVERSION = YES;
				CLANG_WARN_DIRECT_OBJC_ISA_USAGE = YES_ERROR;
				CLANG_WARN_EMPTY_BODY = YES;
				CLANG_WARN_ENUM_CONVERSION = YES;
				CLANG_WARN_INT_CONVERSION = YES;
				CLANG_WARN_OBJC_ROOT_CLASS = YES_ERROR;
				CLANG_WARN_UNREACHABLE_CODE = YES;
				CLANG_WARN__DUPLICATE_METHOD_MATCH = YES;
				"CODE_SIGN_IDENTITY[sdk=iphoneos*]" = "iPhone Developer";
				COPY_PHASE_STRIP = NO;
				DEBUG_INFORMATION_FORMAT = "dwarf-with-dsym";
				ENABLE_STRICT_OBJC_MSGSEND = YES;
				GCC_C_LANGUAGE_STANDARD = gnu99;
				GCC_DYNAMIC_NO_PIC = NO;
				GCC_NO_COMMON_BLOCKS = YES;
				GCC_OPTIMIZATION_LEVEL = 0;
				GCC_PREPROCESSOR_DEFINITIONS = (
					"DEBUG=1",
					"$(inherited)",
				);
				GCC_SYMBOLS_PRIVATE_EXTERN = NO;
				GCC_WARN_64_TO_32_BIT_CONVERSION = YES;
				GCC_WARN_ABOUT_RETURN_TYPE = YES_ERROR;
				GCC_WARN_UNDECLARED_SELECTOR = YES;
				GCC_WARN_UNINITIALIZED_AUTOS = YES_AGGRESSIVE;
				GCC_WARN_UNUSED_FUNCTION = YES;
				GCC_WARN_UNUSED_VARIABLE = YES;
				IPHONEOS_DEPLOYMENT_TARGET = 8.4;
				MTL_ENABLE_DEBUG_INFO = YES;
				ONLY_ACTIVE_ARCH = YES;
				SDKROOT = iphoneos;
				TARGETED_DEVICE_FAMILY = "1,2";
			};
			name = Debug;
		};
		D9C7248B1B93A79E00B64171 /* Release */ = {
			isa = XCBuildConfiguration;
			buildSettings = {
				ALWAYS_SEARCH_USER_PATHS = NO;
				CLANG_CXX_LANGUAGE_STANDARD = "gnu++0x";
				CLANG_CXX_LIBRARY = "libc++";
				CLANG_ENABLE_MODULES = YES;
				CLANG_ENABLE_OBJC_ARC = YES;
				CLANG_WARN_BOOL_CONVERSION = YES;
				CLANG_WARN_CONSTANT_CONVERSION = YES;
				CLANG_WARN_DIRECT_OBJC_ISA_USAGE = YES_ERROR;
				CLANG_WARN_EMPTY_BODY = YES;
				CLANG_WARN_ENUM_CONVERSION = YES;
				CLANG_WARN_INT_CONVERSION = YES;
				CLANG_WARN_OBJC_ROOT_CLASS = YES_ERROR;
				CLANG_WARN_UNREACHABLE_CODE = YES;
				CLANG_WARN__DUPLICATE_METHOD_MATCH = YES;
				"CODE_SIGN_IDENTITY[sdk=iphoneos*]" = "iPhone Developer";
				COPY_PHASE_STRIP = NO;
				DEBUG_INFORMATION_FORMAT = "dwarf-with-dsym";
				ENABLE_NS_ASSERTIONS = NO;
				ENABLE_STRICT_OBJC_MSGSEND = YES;
				GCC_C_LANGUAGE_STANDARD = gnu99;
				GCC_NO_COMMON_BLOCKS = YES;
				GCC_WARN_64_TO_32_BIT_CONVERSION = YES;
				GCC_WARN_ABOUT_RETURN_TYPE = YES_ERROR;
				GCC_WARN_UNDECLARED_SELECTOR = YES;
				GCC_WARN_UNINITIALIZED_AUTOS = YES_AGGRESSIVE;
				GCC_WARN_UNUSED_FUNCTION = YES;
				GCC_WARN_UNUSED_VARIABLE = YES;
				IPHONEOS_DEPLOYMENT_TARGET = 8.4;
				MTL_ENABLE_DEBUG_INFO = NO;
				SDKROOT = iphoneos;
				TARGETED_DEVICE_FAMILY = "1,2";
				VALIDATE_PRODUCT = YES;
			};
			name = Release;
		};
		D9C7248D1B93A79E00B64171 /* Debug */ = {
			isa = XCBuildConfiguration;
			baseConfigurationReference = 550E15575B5A7D53F1CD763D /* Pods.debug.xcconfig */;
			buildSettings = {
				ASSETCATALOG_COMPILER_APPICON_NAME = AppIcon;
				GCC_PRECOMPILE_PREFIX_HEADER = YES;
				GCC_PREFIX_HEADER = "${PROJECT_DIR}/Nearby/PrefixHeader.pch";
				INFOPLIST_FILE = Nearby/Info.plist;
				LD_RUNPATH_SEARCH_PATHS = "$(inherited) @executable_path/Frameworks";
				PRODUCT_NAME = "$(TARGET_NAME)";
			};
			name = Debug;
		};
		D9C7248E1B93A79E00B64171 /* Release */ = {
			isa = XCBuildConfiguration;
			baseConfigurationReference = 98A2C773574D3932108A0378 /* Pods.release.xcconfig */;
			buildSettings = {
				ASSETCATALOG_COMPILER_APPICON_NAME = AppIcon;
				GCC_PRECOMPILE_PREFIX_HEADER = YES;
				GCC_PREFIX_HEADER = "${PROJECT_DIR}/Nearby/PrefixHeader.pch";
				INFOPLIST_FILE = Nearby/Info.plist;
				LD_RUNPATH_SEARCH_PATHS = "$(inherited) @executable_path/Frameworks";
				PRODUCT_NAME = "$(TARGET_NAME)";
			};
			name = Release;
		};
		D9C724901B93A79E00B64171 /* Debug */ = {
			isa = XCBuildConfiguration;
			baseConfigurationReference = 407FAEF48B9A1C86040EEDAA /* Pods-NearbyTests.debug.xcconfig */;
			buildSettings = {
				BUNDLE_LOADER = "$(TEST_HOST)";
				FRAMEWORK_SEARCH_PATHS = (
					"$(SDKROOT)/Developer/Library/Frameworks",
					"$(inherited)",
				);
				GCC_PREPROCESSOR_DEFINITIONS = (
					"DEBUG=1",
					"$(inherited)",
				);
				INFOPLIST_FILE = NearbyTests/Info.plist;
				LD_RUNPATH_SEARCH_PATHS = "$(inherited) @executable_path/Frameworks @loader_path/Frameworks";
				PRODUCT_NAME = "$(TARGET_NAME)";
				TEST_HOST = "$(BUILT_PRODUCTS_DIR)/Nearby.app/Nearby";
			};
			name = Debug;
		};
		D9C724911B93A79E00B64171 /* Release */ = {
			isa = XCBuildConfiguration;
			baseConfigurationReference = 756964062136935DE2590CE5 /* Pods-NearbyTests.release.xcconfig */;
			buildSettings = {
				BUNDLE_LOADER = "$(TEST_HOST)";
				FRAMEWORK_SEARCH_PATHS = (
					"$(SDKROOT)/Developer/Library/Frameworks",
					"$(inherited)",
				);
				INFOPLIST_FILE = NearbyTests/Info.plist;
				LD_RUNPATH_SEARCH_PATHS = "$(inherited) @executable_path/Frameworks @loader_path/Frameworks";
				PRODUCT_NAME = "$(TARGET_NAME)";
				TEST_HOST = "$(BUILT_PRODUCTS_DIR)/Nearby.app/Nearby";
			};
			name = Release;
		};
/* End XCBuildConfiguration section */

/* Begin XCConfigurationList section */
		D9C724641B93A79E00B64171 /* Build configuration list for PBXProject "Nearby" */ = {
			isa = XCConfigurationList;
			buildConfigurations = (
				D9C7248A1B93A79E00B64171 /* Debug */,
				D9C7248B1B93A79E00B64171 /* Release */,
			);
			defaultConfigurationIsVisible = 0;
			defaultConfigurationName = Release;
		};
		D9C7248C1B93A79E00B64171 /* Build configuration list for PBXNativeTarget "Nearby" */ = {
			isa = XCConfigurationList;
			buildConfigurations = (
				D9C7248D1B93A79E00B64171 /* Debug */,
				D9C7248E1B93A79E00B64171 /* Release */,
			);
			defaultConfigurationIsVisible = 0;
			defaultConfigurationName = Release;
		};
		D9C7248F1B93A79E00B64171 /* Build configuration list for PBXNativeTarget "NearbyTests" */ = {
			isa = XCConfigurationList;
			buildConfigurations = (
				D9C724901B93A79E00B64171 /* Debug */,
				D9C724911B93A79E00B64171 /* Release */,
			);
			defaultConfigurationIsVisible = 0;
			defaultConfigurationName = Release;
		};
/* End XCConfigurationList section */
	};
	rootObject = D9C724611B93A79E00B64171 /* Project object */;
}
